
Microsoft Visual Studio Solution File, Format Version 12.00
# Visual Studio Version 17
VisualStudioVersion = 17.5.002.0
MinimumVisualStudioVersion = 10.0.40219.1
Project("{9A19103F-16F7-4668-BE54-9A1E7A4F7556}") = "HairDesginStudio", "HairDesginStudio.csproj", "{BB1664AC-FB38-4DD4-8976-80F8E8CE8EDA}"
EndProject
Global
	GlobalSection(SolutionConfigurationPlatforms) = preSolution
		Debug|Any CPU = Debug|Any CPU
		Release|Any CPU = Release|Any CPU
	EndGlobalSection
	GlobalSection(ProjectConfigurationPlatforms) = postSolution
		{BB1664AC-FB38-4DD4-8976-80F8E8CE8EDA}.Debug|Any CPU.ActiveCfg = Debug|Any CPU
		{BB1664AC-FB38-4DD4-8976-80F8E8CE8EDA}.Debug|Any CPU.Build.0 = Debug|Any CPU
		{BB1664AC-FB38-4DD4-8976-80F8E8CE8EDA}.Release|Any CPU.ActiveCfg = Release|Any CPU
		{BB1664AC-FB38-4DD4-8976-80F8E8CE8EDA}.Release|Any CPU.Build.0 = Release|Any CPU
	EndGlobalSection
	GlobalSection(SolutionProperties) = preSolution
		HideSolutionNode = FALSE
	EndGlobalSection
	GlobalSection(ExtensibilityGlobals) = postSolution
		SolutionGuid = {428CE6FD-8C9A-4409-BB27-EDECDD444A4A}
	EndGlobalSection
EndGlobal
